
Microsoft Visual Studio Solution File, Format Version 12.00
# Visual Studio Version 17
VisualStudioVersion = 17.2.32516.85
MinimumVisualStudioVersion = 10.0.40219.1
Project("{9A19103F-16F7-4668-BE54-9A1E7A4F7556}") = "Button", "Button\Button.csproj", "{614F6F96-7415-4670-AEFF-849A1AAA5D96}"
EndProject
Project("{9A19103F-16F7-4668-BE54-9A1E7A4F7556}") = "CheckBox", "CheckBox\CheckBox.csproj", "{E9612383-5DAB-41E2-A4A3-3567CC51E5C1}"
EndProject
Global
	GlobalSection(SolutionConfigurationPlatforms) = preSolution
		Debug|Any CPU = Debug|Any CPU
		Release|Any CPU = Release|Any CPU
	EndGlobalSection
	GlobalSection(ProjectConfigurationPlatforms) = postSolution
		{614F6F96-7415-4670-AEFF-849A1AAA5D96}.Debug|Any CPU.ActiveCfg = Debug|Any CPU
		{614F6F96-7415-4670-AEFF-849A1AAA5D96}.Debug|Any CPU.Build.0 = Debug|Any CPU
		{614F6F96-7415-4670-AEFF-849A1AAA5D96}.Release|Any CPU.ActiveCfg = Release|Any CPU
		{614F6F96-7415-4670-AEFF-849A1AAA5D96}.Release|Any CPU.Build.0 = Release|Any CPU
		{E9612383-5DAB-41E2-A4A3-3567CC51E5C1}.Debug|Any CPU.ActiveCfg = Debug|Any CPU
		{E9612383-5DAB-41E2-A4A3-3567CC51E5C1}.Debug|Any CPU.Build.0 = Debug|Any CPU
		{E9612383-5DAB-41E2-A4A3-3567CC51E5C1}.Release|Any CPU.ActiveCfg = Release|Any CPU
		{E9612383-5DAB-41E2-A4A3-3567CC51E5C1}.Release|Any CPU.Build.0 = Release|Any CPU
	EndGlobalSection
	GlobalSection(SolutionProperties) = preSolution
		HideSolutionNode = FALSE
	EndGlobalSection
	GlobalSection(ExtensibilityGlobals) = postSolution
		SolutionGuid = {939FD20C-B75F-440B-9A0A-C0739ADE2457}
	EndGlobalSection
EndGlobal
