
Microsoft Visual Studio Solution File, Format Version 12.00
# Visual Studio Version 17
VisualStudioVersion = 17.3.32901.215
MinimumVisualStudioVersion = 10.0.40219.1
Project("{FAE04EC0-301F-11D3-BF4B-00C04F79EFBC}") = "CMD_MongoDB", "CMD_MongoDB.csproj", "{BA51BF92-9F45-4076-8146-D691D40302EB}"
EndProject
Global
	GlobalSection(SolutionConfigurationPlatforms) = preSolution
		Debug|Any CPU = Debug|Any CPU
		Release|Any CPU = Release|Any CPU
	EndGlobalSection
	GlobalSection(ProjectConfigurationPlatforms) = postSolution
		{BA51BF92-9F45-4076-8146-D691D40302EB}.Debug|Any CPU.ActiveCfg = Debug|Any CPU
		{BA51BF92-9F45-4076-8146-D691D40302EB}.Debug|Any CPU.Build.0 = Debug|Any CPU
		{BA51BF92-9F45-4076-8146-D691D40302EB}.Release|Any CPU.ActiveCfg = Release|Any CPU
		{BA51BF92-9F45-4076-8146-D691D40302EB}.Release|Any CPU.Build.0 = Release|Any CPU
	EndGlobalSection
	GlobalSection(SolutionProperties) = preSolution
		HideSolutionNode = FALSE
	EndGlobalSection
	GlobalSection(ExtensibilityGlobals) = postSolution
		SolutionGuid = {9D05D23E-67F4-4595-B714-2F20CC350B09}
	EndGlobalSection
EndGlobal
