
Microsoft Visual Studio Solution File, Format Version 12.00
# Visual Studio Version 17
VisualStudioVersion = 17.2.32516.85
MinimumVisualStudioVersion = 10.0.40219.1
Project("{9A19103F-16F7-4668-BE54-9A1E7A4F7556}") = "Winform_Excel", "Winform_Excel\Winform_Excel.csproj", "{44C85967-C7CF-4A5A-BE73-F9114FC2B37F}"
EndProject
Project("{9A19103F-16F7-4668-BE54-9A1E7A4F7556}") = "CreateExcelFile", "CreateExcelFile\CreateExcelFile.csproj", "{BFE2F3C7-BDB1-47A5-AE15-BC04034F9AF6}"
EndProject
Project("{FAE04EC0-301F-11D3-BF4B-00C04F79EFBC}") = "OpenExcelFile", "OpenExcelFile\OpenExcelFile.csproj", "{B57392EA-C2D6-4C5A-9F63-4F3393314B56}"
EndProject
Project("{FAE04EC0-301F-11D3-BF4B-00C04F79EFBC}") = "ReadExcelFile", "ReadExcelFile\ReadExcelFile.csproj", "{CAA61A23-E2A8-4264-B6D9-CACB076F82E9}"
EndProject
Global
	GlobalSection(SolutionConfigurationPlatforms) = preSolution
		Debug|Any CPU = Debug|Any CPU
		Release|Any CPU = Release|Any CPU
	EndGlobalSection
	GlobalSection(ProjectConfigurationPlatforms) = postSolution
		{44C85967-C7CF-4A5A-BE73-F9114FC2B37F}.Debug|Any CPU.ActiveCfg = Debug|Any CPU
		{44C85967-C7CF-4A5A-BE73-F9114FC2B37F}.Debug|Any CPU.Build.0 = Debug|Any CPU
		{44C85967-C7CF-4A5A-BE73-F9114FC2B37F}.Release|Any CPU.ActiveCfg = Release|Any CPU
		{44C85967-C7CF-4A5A-BE73-F9114FC2B37F}.Release|Any CPU.Build.0 = Release|Any CPU
		{BFE2F3C7-BDB1-47A5-AE15-BC04034F9AF6}.Debug|Any CPU.ActiveCfg = Debug|Any CPU
		{BFE2F3C7-BDB1-47A5-AE15-BC04034F9AF6}.Debug|Any CPU.Build.0 = Debug|Any CPU
		{BFE2F3C7-BDB1-47A5-AE15-BC04034F9AF6}.Release|Any CPU.ActiveCfg = Release|Any CPU
		{BFE2F3C7-BDB1-47A5-AE15-BC04034F9AF6}.Release|Any CPU.Build.0 = Release|Any CPU
		{B57392EA-C2D6-4C5A-9F63-4F3393314B56}.Debug|Any CPU.ActiveCfg = Debug|Any CPU
		{B57392EA-C2D6-4C5A-9F63-4F3393314B56}.Debug|Any CPU.Build.0 = Debug|Any CPU
		{B57392EA-C2D6-4C5A-9F63-4F3393314B56}.Release|Any CPU.ActiveCfg = Release|Any CPU
		{B57392EA-C2D6-4C5A-9F63-4F3393314B56}.Release|Any CPU.Build.0 = Release|Any CPU
		{CAA61A23-E2A8-4264-B6D9-CACB076F82E9}.Debug|Any CPU.ActiveCfg = Debug|Any CPU
		{CAA61A23-E2A8-4264-B6D9-CACB076F82E9}.Debug|Any CPU.Build.0 = Debug|Any CPU
		{CAA61A23-E2A8-4264-B6D9-CACB076F82E9}.Release|Any CPU.ActiveCfg = Release|Any CPU
		{CAA61A23-E2A8-4264-B6D9-CACB076F82E9}.Release|Any CPU.Build.0 = Release|Any CPU
	EndGlobalSection
	GlobalSection(SolutionProperties) = preSolution
		HideSolutionNode = FALSE
	EndGlobalSection
	GlobalSection(ExtensibilityGlobals) = postSolution
		SolutionGuid = {0F63547D-9794-41CB-ABDD-4E9C7F4FA514}
	EndGlobalSection
EndGlobal
