
Microsoft Visual Studio Solution File, Format Version 12.00
# Visual Studio Version 17
VisualStudioVersion = 17.0.32014.148
MinimumVisualStudioVersion = 10.0.40219.1
Project("{FAE04EC0-301F-11D3-BF4B-00C04F79EFBC}") = "SerialCommunication", "SerialCommunication\SerialCommunication.csproj", "{CD8A9E1F-07A4-4E8E-B036-4CCB66F628AF}"
EndProject
Project("{FAE04EC0-301F-11D3-BF4B-00C04F79EFBC}") = "TcpIpCommunication", "TcpIpCommunication\TcpIpCommunication.csproj", "{7CB21052-C7F6-4A4F-8D90-FD9046122E02}"
EndProject
Project("{9A19103F-16F7-4668-BE54-9A1E7A4F7556}") = "Protocol_01_Server", "Protocol_01_Server\Protocol_01_Server.csproj", "{C70A810A-C769-491C-A0CD-C173F036F647}"
EndProject
Project("{9A19103F-16F7-4668-BE54-9A1E7A4F7556}") = "Protocol_01_Client", "Protocol_01_Client\Protocol_01_Client.csproj", "{AE4F3339-418F-4270-95EB-01A46B344D76}"
EndProject
Project("{FAE04EC0-301F-11D3-BF4B-00C04F79EFBC}") = "Protocol_01", "Protocol_01\Protocol_01.csproj", "{F38310BB-D858-44CA-8A2C-C2A9CC88680F}"
EndProject
Global
	GlobalSection(SolutionConfigurationPlatforms) = preSolution
		Debug|Any CPU = Debug|Any CPU
		Release|Any CPU = Release|Any CPU
	EndGlobalSection
	GlobalSection(ProjectConfigurationPlatforms) = postSolution
		{CD8A9E1F-07A4-4E8E-B036-4CCB66F628AF}.Debug|Any CPU.ActiveCfg = Debug|Any CPU
		{CD8A9E1F-07A4-4E8E-B036-4CCB66F628AF}.Debug|Any CPU.Build.0 = Debug|Any CPU
		{CD8A9E1F-07A4-4E8E-B036-4CCB66F628AF}.Release|Any CPU.ActiveCfg = Release|Any CPU
		{CD8A9E1F-07A4-4E8E-B036-4CCB66F628AF}.Release|Any CPU.Build.0 = Release|Any CPU
		{7CB21052-C7F6-4A4F-8D90-FD9046122E02}.Debug|Any CPU.ActiveCfg = Debug|Any CPU
		{7CB21052-C7F6-4A4F-8D90-FD9046122E02}.Debug|Any CPU.Build.0 = Debug|Any CPU
		{7CB21052-C7F6-4A4F-8D90-FD9046122E02}.Release|Any CPU.ActiveCfg = Release|Any CPU
		{7CB21052-C7F6-4A4F-8D90-FD9046122E02}.Release|Any CPU.Build.0 = Release|Any CPU
		{C70A810A-C769-491C-A0CD-C173F036F647}.Debug|Any CPU.ActiveCfg = Debug|Any CPU
		{C70A810A-C769-491C-A0CD-C173F036F647}.Debug|Any CPU.Build.0 = Debug|Any CPU
		{C70A810A-C769-491C-A0CD-C173F036F647}.Release|Any CPU.ActiveCfg = Release|Any CPU
		{C70A810A-C769-491C-A0CD-C173F036F647}.Release|Any CPU.Build.0 = Release|Any CPU
		{AE4F3339-418F-4270-95EB-01A46B344D76}.Debug|Any CPU.ActiveCfg = Debug|Any CPU
		{AE4F3339-418F-4270-95EB-01A46B344D76}.Debug|Any CPU.Build.0 = Debug|Any CPU
		{AE4F3339-418F-4270-95EB-01A46B344D76}.Release|Any CPU.ActiveCfg = Release|Any CPU
		{AE4F3339-418F-4270-95EB-01A46B344D76}.Release|Any CPU.Build.0 = Release|Any CPU
		{F38310BB-D858-44CA-8A2C-C2A9CC88680F}.Debug|Any CPU.ActiveCfg = Debug|Any CPU
		{F38310BB-D858-44CA-8A2C-C2A9CC88680F}.Debug|Any CPU.Build.0 = Debug|Any CPU
		{F38310BB-D858-44CA-8A2C-C2A9CC88680F}.Release|Any CPU.ActiveCfg = Release|Any CPU
		{F38310BB-D858-44CA-8A2C-C2A9CC88680F}.Release|Any CPU.Build.0 = Release|Any CPU
	EndGlobalSection
	GlobalSection(SolutionProperties) = preSolution
		HideSolutionNode = FALSE
	EndGlobalSection
	GlobalSection(ExtensibilityGlobals) = postSolution
		SolutionGuid = {1D9A7806-B0E1-48C6-AC03-BF3565833DE3}
	EndGlobalSection
EndGlobal
