
Microsoft Visual Studio Solution File, Format Version 12.00
# Visual Studio Version 17
VisualStudioVersion = 17.0.32014.148
MinimumVisualStudioVersion = 10.0.40219.1
Project("{FAE04EC0-301F-11D3-BF4B-00C04F79EFBC}") = "LightController", "LightController\LightController.csproj", "{FB3A892E-8810-44C1-8332-F8256D268EB8}"
EndProject
Project("{54435603-DBB4-11D2-8724-00A0C9A8B90C}") = "Setup", "Setup\Setup.vdproj", "{B2346CF6-6D71-4158-8FC4-CCB2031F57DD}"
EndProject
Global
	GlobalSection(SolutionConfigurationPlatforms) = preSolution
		Debug|Any CPU = Debug|Any CPU
		Debug|x64 = Debug|x64
		Release|Any CPU = Release|Any CPU
		Release|x64 = Release|x64
	EndGlobalSection
	GlobalSection(ProjectConfigurationPlatforms) = postSolution
		{FB3A892E-8810-44C1-8332-F8256D268EB8}.Debug|Any CPU.ActiveCfg = Debug|Any CPU
		{FB3A892E-8810-44C1-8332-F8256D268EB8}.Debug|Any CPU.Build.0 = Debug|Any CPU
		{FB3A892E-8810-44C1-8332-F8256D268EB8}.Debug|x64.ActiveCfg = Debug|x64
		{FB3A892E-8810-44C1-8332-F8256D268EB8}.Debug|x64.Build.0 = Debug|x64
		{FB3A892E-8810-44C1-8332-F8256D268EB8}.Release|Any CPU.ActiveCfg = Release|Any CPU
		{FB3A892E-8810-44C1-8332-F8256D268EB8}.Release|Any CPU.Build.0 = Release|Any CPU
		{FB3A892E-8810-44C1-8332-F8256D268EB8}.Release|x64.ActiveCfg = Release|x64
		{FB3A892E-8810-44C1-8332-F8256D268EB8}.Release|x64.Build.0 = Release|x64
		{B2346CF6-6D71-4158-8FC4-CCB2031F57DD}.Debug|Any CPU.ActiveCfg = Debug
		{B2346CF6-6D71-4158-8FC4-CCB2031F57DD}.Debug|x64.ActiveCfg = Debug
		{B2346CF6-6D71-4158-8FC4-CCB2031F57DD}.Release|Any CPU.ActiveCfg = Release
		{B2346CF6-6D71-4158-8FC4-CCB2031F57DD}.Release|x64.ActiveCfg = Release
	EndGlobalSection
	GlobalSection(SolutionProperties) = preSolution
		HideSolutionNode = FALSE
	EndGlobalSection
	GlobalSection(ExtensibilityGlobals) = postSolution
		SolutionGuid = {B14F8BD3-FF61-4FB7-8A5D-381CA78047F5}
	EndGlobalSection
EndGlobal
